<?xml version="1.0" encoding="UTF-8" standalone="yes" ?>
<CodeBlocks_project_file>
	<FileVersion major="1" minor="6" />
	<Project>
		<Option title="HelloRoguelike" />
		<Option pch_mode="2" />
		<Option compiler="gcc" />
		<Build>
			<Target title="Debug">
				<Option output="bin/Debug/HelloRoguelike" prefix_auto="1" extension_auto="1" />
				<Option object_output="obj/Debug/" />
				<Option type="1" />
				<Option compiler="gcc" />
				<Compiler>
					<Add option="-g" />
				</Compiler>
				<Linker>
					<Add library="/home/adamdesk/CodeblocksProjects/HelloRoguelike/lib/libtcod.so" />
					<Add library="/home/adamdesk/CodeblocksProjects/HelloRoguelike/lib/libtcodxx.so" />
					<Add library="/home/adamdesk/CodeblocksProjects/HelloRoguelike/lib/libtcodxx_debug.so" />
					<Add library="/home/adamdesk/CodeblocksProjects/HelloRoguelike/lib/libtcod_debug.so" />
					<Add directory="/home/adamdesk/CodeblocksProjects/HelloRoguelike/include" />
					<Add directory="/home/adamdesk/CodeblocksProjects/HelloRoguelike/lib" />
				</Linker>
			</Target>
			<Target title="Release">
				<Option output="bin/Release/HelloRoguelike" prefix_auto="1" extension_auto="1" />
				<Option object_output="obj/Release/" />
				<Option type="1" />
				<Option compiler="gcc" />
				<Compiler>
					<Add option="-O2" />
				</Compiler>
				<Linker>
					<Add option="-s" />
				</Linker>
			</Target>
		</Build>
		<Compiler>
			<Add option="-Wall" />
			<Add option="-fexceptions" />
		</Compiler>
		<Unit filename="Actor">
			<Option target="&lt;{~None~}&gt;" />
		</Unit>
		<Unit filename="Actor.cpp" />
		<Unit filename="Actor.hpp" />
		<Unit filename="Engine.cpp" />
		<Unit filename="Engine.hpp" />
		<Unit filename="Map.cpp" />
		<Unit filename="Map.hpp" />
		<Unit filename="include/bresenham.h" />
		<Unit filename="include/bresenham.hpp" />
		<Unit filename="include/bsp.h" />
		<Unit filename="include/bsp.hpp" />
		<Unit filename="include/color.h" />
		<Unit filename="include/color.hpp" />
		<Unit filename="include/console.h" />
		<Unit filename="include/console.hpp" />
		<Unit filename="include/console_types.h" />
		<Unit filename="include/fov.h" />
		<Unit filename="include/fov.hpp" />
		<Unit filename="include/fov_types.h" />
		<Unit filename="include/gui/button.hpp" />
		<Unit filename="include/gui/container.hpp" />
		<Unit filename="include/gui/flatlist.hpp" />
		<Unit filename="include/gui/gui.hpp" />
		<Unit filename="include/gui/hbox.hpp" />
		<Unit filename="include/gui/image.hpp" />
		<Unit filename="include/gui/label.hpp" />
		<Unit filename="include/gui/radiobutton.hpp" />
		<Unit filename="include/gui/slider.hpp" />
		<Unit filename="include/gui/statusbar.hpp" />
		<Unit filename="include/gui/textbox.hpp" />
		<Unit filename="include/gui/togglebutton.hpp" />
		<Unit filename="include/gui/toolbar.hpp" />
		<Unit filename="include/gui/vbox.hpp" />
		<Unit filename="include/gui/widget.hpp" />
		<Unit filename="include/heightmap.h" />
		<Unit filename="include/heightmap.hpp" />
		<Unit filename="include/image.h" />
		<Unit filename="include/image.hpp" />
		<Unit filename="include/lex.h" />
		<Unit filename="include/lex.hpp" />
		<Unit filename="include/libtcod.h" />
		<Unit filename="include/libtcod.hpp" />
		<Unit filename="include/libtcod_int.h" />
		<Unit filename="include/list.h" />
		<Unit filename="include/list.hpp" />
		<Unit filename="include/mersenne.h" />
		<Unit filename="include/mersenne.hpp" />
		<Unit filename="include/mersenne_types.h" />
		<Unit filename="include/mouse.h" />
		<Unit filename="include/mouse.hpp" />
		<Unit filename="include/mouse_types.h" />
		<Unit filename="include/namegen.h" />
		<Unit filename="include/namegen.hpp" />
		<Unit filename="include/noise.h" />
		<Unit filename="include/noise.hpp" />
		<Unit filename="include/noise_defaults.h" />
		<Unit filename="include/parser.h" />
		<Unit filename="include/parser.hpp" />
		<Unit filename="include/path.h" />
		<Unit filename="include/path.hpp" />
		<Unit filename="include/sys.h" />
		<Unit filename="include/sys.hpp" />
		<Unit filename="include/tree.h" />
		<Unit filename="include/tree.hpp" />
		<Unit filename="include/txtfield.h" />
		<Unit filename="include/txtfield.hpp" />
		<Unit filename="include/wrappers.h" />
		<Unit filename="include/zip.h" />
		<Unit filename="include/zip.hpp" />
		<Unit filename="main.cpp" />
		<Extensions>
			<code_completion />
			<debugger />
		</Extensions>
	</Project>
</CodeBlocks_project_file>
